
Microsoft Visual Studio Solution File, Format Version 12.00
# Visual Studio 2013
VisualStudioVersion = 12.0.31101.0
MinimumVisualStudioVersion = 10.0.40219.1
Project("{FAE04EC0-301F-11D3-BF4B-00C04F79EFBC}") = "01.HTMLTables", "01.HTMLTables\01.HTMLTables.csproj", "{0F22972E-52D1-492B-BDCD-0B91237C3BD1}"
EndProject
Project("{FAE04EC0-301F-11D3-BF4B-00C04F79EFBC}") = "02.HTMLForm", "02.HTMLForm\02.HTMLForm.csproj", "{BADE61C8-67BE-4001-B0EC-E39A5191519D}"
EndProject
Project("{FAE04EC0-301F-11D3-BF4B-00C04F79EFBC}") = "03.Calculator", "03.Calculator\03.Calculator.csproj", "{C30C7FE9-12AF-4CB8-9DDB-DA8AE9A79CD2}"
EndProject
Global
	GlobalSection(SolutionConfigurationPlatforms) = preSolution
		Debug|Any CPU = Debug|Any CPU
		Release|Any CPU = Release|Any CPU
	EndGlobalSection
	GlobalSection(ProjectConfigurationPlatforms) = postSolution
		{0F22972E-52D1-492B-BDCD-0B91237C3BD1}.Debug|Any CPU.ActiveCfg = Debug|Any CPU
		{0F22972E-52D1-492B-BDCD-0B91237C3BD1}.Debug|Any CPU.Build.0 = Debug|Any CPU
		{0F22972E-52D1-492B-BDCD-0B91237C3BD1}.Release|Any CPU.ActiveCfg = Release|Any CPU
		{0F22972E-52D1-492B-BDCD-0B91237C3BD1}.Release|Any CPU.Build.0 = Release|Any CPU
		{BADE61C8-67BE-4001-B0EC-E39A5191519D}.Debug|Any CPU.ActiveCfg = Debug|Any CPU
		{BADE61C8-67BE-4001-B0EC-E39A5191519D}.Debug|Any CPU.Build.0 = Debug|Any CPU
		{BADE61C8-67BE-4001-B0EC-E39A5191519D}.Release|Any CPU.ActiveCfg = Release|Any CPU
		{BADE61C8-67BE-4001-B0EC-E39A5191519D}.Release|Any CPU.Build.0 = Release|Any CPU
		{C30C7FE9-12AF-4CB8-9DDB-DA8AE9A79CD2}.Debug|Any CPU.ActiveCfg = Debug|Any CPU
		{C30C7FE9-12AF-4CB8-9DDB-DA8AE9A79CD2}.Debug|Any CPU.Build.0 = Debug|Any CPU
		{C30C7FE9-12AF-4CB8-9DDB-DA8AE9A79CD2}.Release|Any CPU.ActiveCfg = Release|Any CPU
		{C30C7FE9-12AF-4CB8-9DDB-DA8AE9A79CD2}.Release|Any CPU.Build.0 = Release|Any CPU
	EndGlobalSection
	GlobalSection(SolutionProperties) = preSolution
		HideSolutionNode = FALSE
	EndGlobalSection
EndGlobal
