
Microsoft Visual Studio Solution File, Format Version 12.00
# Visual Studio 2012
Project("{FAE04EC0-301F-11D3-BF4B-00C04F79EFBC}") = "01.RegistrationForm", "01.RegistrationForm\01.RegistrationForm.csproj", "{C6EB04E0-20A0-4943-B604-302E11DB0C6F}"
EndProject
Project("{FAE04EC0-301F-11D3-BF4B-00C04F79EFBC}") = "02.UniversityGrid", "02.UniversityGrid\02.UniversityGrid.csproj", "{44A6443A-0DF8-4ADC-87A7-F5F29D435ED3}"
EndProject
Project("{FAE04EC0-301F-11D3-BF4B-00C04F79EFBC}") = "03.NotebookStore", "03.NotebookStore\03.NotebookStore.csproj", "{403680FB-DFE4-4A93-BC0B-C93558918627}"
EndProject
Project("{FAE04EC0-301F-11D3-BF4B-00C04F79EFBC}") = "04.GridComponent", "04.GridComponent\04.GridComponent.csproj", "{190B5B15-9B0C-41A3-ACB2-352C1C926A15}"
EndProject
Global
	GlobalSection(SolutionConfigurationPlatforms) = preSolution
		Debug|Any CPU = Debug|Any CPU
		Release|Any CPU = Release|Any CPU
	EndGlobalSection
	GlobalSection(ProjectConfigurationPlatforms) = postSolution
		{C6EB04E0-20A0-4943-B604-302E11DB0C6F}.Debug|Any CPU.ActiveCfg = Debug|Any CPU
		{C6EB04E0-20A0-4943-B604-302E11DB0C6F}.Debug|Any CPU.Build.0 = Debug|Any CPU
		{C6EB04E0-20A0-4943-B604-302E11DB0C6F}.Release|Any CPU.ActiveCfg = Release|Any CPU
		{C6EB04E0-20A0-4943-B604-302E11DB0C6F}.Release|Any CPU.Build.0 = Release|Any CPU
		{44A6443A-0DF8-4ADC-87A7-F5F29D435ED3}.Debug|Any CPU.ActiveCfg = Debug|Any CPU
		{44A6443A-0DF8-4ADC-87A7-F5F29D435ED3}.Debug|Any CPU.Build.0 = Debug|Any CPU
		{44A6443A-0DF8-4ADC-87A7-F5F29D435ED3}.Release|Any CPU.ActiveCfg = Release|Any CPU
		{44A6443A-0DF8-4ADC-87A7-F5F29D435ED3}.Release|Any CPU.Build.0 = Release|Any CPU
		{403680FB-DFE4-4A93-BC0B-C93558918627}.Debug|Any CPU.ActiveCfg = Debug|Any CPU
		{403680FB-DFE4-4A93-BC0B-C93558918627}.Debug|Any CPU.Build.0 = Debug|Any CPU
		{403680FB-DFE4-4A93-BC0B-C93558918627}.Release|Any CPU.ActiveCfg = Release|Any CPU
		{403680FB-DFE4-4A93-BC0B-C93558918627}.Release|Any CPU.Build.0 = Release|Any CPU
		{190B5B15-9B0C-41A3-ACB2-352C1C926A15}.Debug|Any CPU.ActiveCfg = Debug|Any CPU
		{190B5B15-9B0C-41A3-ACB2-352C1C926A15}.Debug|Any CPU.Build.0 = Debug|Any CPU
		{190B5B15-9B0C-41A3-ACB2-352C1C926A15}.Release|Any CPU.ActiveCfg = Release|Any CPU
		{190B5B15-9B0C-41A3-ACB2-352C1C926A15}.Release|Any CPU.Build.0 = Release|Any CPU
	EndGlobalSection
	GlobalSection(SolutionProperties) = preSolution
		HideSolutionNode = FALSE
	EndGlobalSection
EndGlobal
