
Microsoft Visual Studio Solution File, Format Version 12.00
# Visual Studio 2013
VisualStudioVersion = 12.0.31101.0
MinimumVisualStudioVersion = 10.0.40219.1
Project("{FAE04EC0-301F-11D3-BF4B-00C04F79EFBC}") = "01.RunnersHomePage", "01.RunnersHomePage\01.RunnersHomePage.csproj", "{38DC9CD9-D02D-4087-82F9-E2EA4D6F2A09}"
EndProject
Project("{FAE04EC0-301F-11D3-BF4B-00C04F79EFBC}") = "02.NestedLists", "02.NestedLists\02.NestedLists.csproj", "{9778B658-9A8A-498A-819B-C98CCE86B690}"
EndProject
Project("{FAE04EC0-301F-11D3-BF4B-00C04F79EFBC}") = "03.SocialSite", "03.SocialSite\03.SocialSite.csproj", "{12E56567-30B1-4C02-AA96-AB7B89DD2257}"
EndProject
Global
	GlobalSection(SolutionConfigurationPlatforms) = preSolution
		Debug|Any CPU = Debug|Any CPU
		Release|Any CPU = Release|Any CPU
	EndGlobalSection
	GlobalSection(ProjectConfigurationPlatforms) = postSolution
		{38DC9CD9-D02D-4087-82F9-E2EA4D6F2A09}.Debug|Any CPU.ActiveCfg = Debug|Any CPU
		{38DC9CD9-D02D-4087-82F9-E2EA4D6F2A09}.Debug|Any CPU.Build.0 = Debug|Any CPU
		{38DC9CD9-D02D-4087-82F9-E2EA4D6F2A09}.Release|Any CPU.ActiveCfg = Release|Any CPU
		{38DC9CD9-D02D-4087-82F9-E2EA4D6F2A09}.Release|Any CPU.Build.0 = Release|Any CPU
		{9778B658-9A8A-498A-819B-C98CCE86B690}.Debug|Any CPU.ActiveCfg = Debug|Any CPU
		{9778B658-9A8A-498A-819B-C98CCE86B690}.Debug|Any CPU.Build.0 = Debug|Any CPU
		{9778B658-9A8A-498A-819B-C98CCE86B690}.Release|Any CPU.ActiveCfg = Release|Any CPU
		{9778B658-9A8A-498A-819B-C98CCE86B690}.Release|Any CPU.Build.0 = Release|Any CPU
		{12E56567-30B1-4C02-AA96-AB7B89DD2257}.Debug|Any CPU.ActiveCfg = Debug|Any CPU
		{12E56567-30B1-4C02-AA96-AB7B89DD2257}.Debug|Any CPU.Build.0 = Debug|Any CPU
		{12E56567-30B1-4C02-AA96-AB7B89DD2257}.Release|Any CPU.ActiveCfg = Release|Any CPU
		{12E56567-30B1-4C02-AA96-AB7B89DD2257}.Release|Any CPU.Build.0 = Release|Any CPU
	EndGlobalSection
	GlobalSection(SolutionProperties) = preSolution
		HideSolutionNode = FALSE
	EndGlobalSection
EndGlobal
